
Microsoft Visual Studio Solution File, Format Version 12.00
# Visual Studio Version 17
VisualStudioVersion = 17.0.32014.148
MinimumVisualStudioVersion = 10.0.40219.1
Project("{FAE04EC0-301F-11D3-BF4B-00C04F79EFBC}") = "ScriptDelivery", "ScriptDelivery\ScriptDelivery.csproj", "{9977E0A5-4EC8-44FA-97E0-7F517328E6EB}"
EndProject
Global
	GlobalSection(SolutionConfigurationPlatforms) = preSolution
		Debug|Any CPU = Debug|Any CPU
		Release|Any CPU = Release|Any CPU
	EndGlobalSection
	GlobalSection(ProjectConfigurationPlatforms) = postSolution
		{9977E0A5-4EC8-44FA-97E0-7F517328E6EB}.Debug|Any CPU.ActiveCfg = Debug|Any CPU
		{9977E0A5-4EC8-44FA-97E0-7F517328E6EB}.Debug|Any CPU.Build.0 = Debug|Any CPU
		{9977E0A5-4EC8-44FA-97E0-7F517328E6EB}.Release|Any CPU.ActiveCfg = Release|Any CPU
		{9977E0A5-4EC8-44FA-97E0-7F517328E6EB}.Release|Any CPU.Build.0 = Release|Any CPU
	EndGlobalSection
	GlobalSection(SolutionProperties) = preSolution
		HideSolutionNode = FALSE
	EndGlobalSection
	GlobalSection(ExtensibilityGlobals) = postSolution
		SolutionGuid = {40C35642-B5A9-46B2-9E7B-8DBAEEF8904D}
	EndGlobalSection
EndGlobal
