
Microsoft Visual Studio Solution File, Format Version 12.00
# Visual Studio Version 17
VisualStudioVersion = 17.2.32505.173
MinimumVisualStudioVersion = 10.0.40219.1
Project("{9A19103F-16F7-4668-BE54-9A1E7A4F7556}") = "ScriptDelivery", "ScriptDelivery\ScriptDelivery.csproj", "{02B725DD-D058-4513-A070-0CB2291488B7}"
EndProject
Project("{FAE04EC0-301F-11D3-BF4B-00C04F79EFBC}") = "ScriptDeliveryClient", "ScriptDeliveryClient\ScriptDeliveryClient.csproj", "{F24A9EC4-3BC3-4247-9640-26BD1B885E21}"
EndProject
Global
	GlobalSection(SolutionConfigurationPlatforms) = preSolution
		Debug|Any CPU = Debug|Any CPU
		Release|Any CPU = Release|Any CPU
	EndGlobalSection
	GlobalSection(ProjectConfigurationPlatforms) = postSolution
		{02B725DD-D058-4513-A070-0CB2291488B7}.Debug|Any CPU.ActiveCfg = Debug|Any CPU
		{02B725DD-D058-4513-A070-0CB2291488B7}.Debug|Any CPU.Build.0 = Debug|Any CPU
		{02B725DD-D058-4513-A070-0CB2291488B7}.Release|Any CPU.ActiveCfg = Release|Any CPU
		{02B725DD-D058-4513-A070-0CB2291488B7}.Release|Any CPU.Build.0 = Release|Any CPU
		{F24A9EC4-3BC3-4247-9640-26BD1B885E21}.Debug|Any CPU.ActiveCfg = Debug|Any CPU
		{F24A9EC4-3BC3-4247-9640-26BD1B885E21}.Debug|Any CPU.Build.0 = Debug|Any CPU
		{F24A9EC4-3BC3-4247-9640-26BD1B885E21}.Release|Any CPU.ActiveCfg = Release|Any CPU
		{F24A9EC4-3BC3-4247-9640-26BD1B885E21}.Release|Any CPU.Build.0 = Release|Any CPU
	EndGlobalSection
	GlobalSection(SolutionProperties) = preSolution
		HideSolutionNode = FALSE
	EndGlobalSection
	GlobalSection(ExtensibilityGlobals) = postSolution
		SolutionGuid = {52120195-C92C-4C58-B194-7FDC7958E959}
	EndGlobalSection
EndGlobal
